
Microsoft Visual Studio Solution File, Format Version 12.00
# Visual Studio Version 16
VisualStudioVersion = 16.0.32407.337
MinimumVisualStudioVersion = 10.0.40219.1
Project("{FAE04EC0-301F-11D3-BF4B-00C04F79EFBC}") = "QuanLyTiemChung", "n13\QuanLyTiemChung.csproj", "{E0A60EC0-5899-41DF-ABCC-F585D3ECF957}"
EndProject
Global
	GlobalSection(SolutionConfigurationPlatforms) = preSolution
		Debug|Any CPU = Debug|Any CPU
		Release|Any CPU = Release|Any CPU
	EndGlobalSection
	GlobalSection(ProjectConfigurationPlatforms) = postSolution
		{E0A60EC0-5899-41DF-ABCC-F585D3ECF957}.Debug|Any CPU.ActiveCfg = Debug|Any CPU
		{E0A60EC0-5899-41DF-ABCC-F585D3ECF957}.Debug|Any CPU.Build.0 = Debug|Any CPU
		{E0A60EC0-5899-41DF-ABCC-F585D3ECF957}.Release|Any CPU.ActiveCfg = Release|Any CPU
		{E0A60EC0-5899-41DF-ABCC-F585D3ECF957}.Release|Any CPU.Build.0 = Release|Any CPU
	EndGlobalSection
	GlobalSection(SolutionProperties) = preSolution
		HideSolutionNode = FALSE
	EndGlobalSection
	GlobalSection(ExtensibilityGlobals) = postSolution
		SolutionGuid = {92CCC41E-DD60-4AAB-98D9-B037BA1E93D7}
	EndGlobalSection
EndGlobal
